// !$*UTF8*$!
{
	archiveVersion = 1;
	classes = {
	};
	objectVersion = 46;
	objects = {

/* Begin PBXBuildFile section */
		525371D2A963FADB185E8EE3 /* jetchatUITests.swift in Sources */ = {isa = PBXBuildFile; fileRef = 5253764B82E8821CD4C20DAD /* jetchatUITests.swift */; };
		525374C91A885B177AEE6233 /* jetchatApp.swift in Sources */ = {isa = PBXBuildFile; fileRef = 52537E6826F4A3C7D5DF9264 /* jetchatApp.swift */; };
		525375464C7C3B862D54741E /* jetchatUITestsLaunchTests.swift in Sources */ = {isa = PBXBuildFile; fileRef = 52537037B40EBEBE7DDC0604 /* jetchatUITestsLaunchTests.swift */; };
		525376B3EE318A262D834658 /* Assets.xcassets in Resources */ = {isa = PBXBuildFile; fileRef = 5253752DADDC717B1B6BF159 /* Assets.xcassets */; };
		52537A05BBF5F47B0223561A /* jetchatTests.swift in Sources */ = {isa = PBXBuildFile; fileRef = 52537EB130A03B3116C300E1 /* jetchatTests.swift */; };
		52537E2B5DF6EBFFFF546A4D /* Preview Assets.xcassets in Resources */ = {isa = PBXBuildFile; fileRef = 5253708525B19FBC392CB628 /* Preview Assets.xcassets */; };
		52537FAA8060053C45423658 /* ContentView.swift in Sources */ = {isa = PBXBuildFile; fileRef = 5253797C5386E8C6CC4A1A42 /* ContentView.swift */; };
/* End PBXBuildFile section */

/* Begin PBXContainerItemProxy section */
		52537CEED569FD0A83722DF9 /* PBXContainerItemProxy */ = {
			isa = PBXContainerItemProxy;
			containerPortal = 525376DA648F3B39E6E64BE2 /* Project object */;
			proxyType = 1;
			remoteGlobalIDString = 525376E12AFB7F1539F2C7F4;
			remoteInfo = jetchat;
		};
		52537FE173278057E57215C1 /* PBXContainerItemProxy */ = {
			isa = PBXContainerItemProxy;
			containerPortal = 525376DA648F3B39E6E64BE2 /* Project object */;
			proxyType = 1;
			remoteGlobalIDString = 525376E12AFB7F1539F2C7F4;
			remoteInfo = jetchat;
		};
/* End PBXContainerItemProxy section */

/* Begin PBXFileReference section */
		52537037B40EBEBE7DDC0604 /* jetchatUITestsLaunchTests.swift */ = {isa = PBXFileReference; lastKnownFileType = sourcecode.swift; path = jetchatUITestsLaunchTests.swift; sourceTree = "<group>"; };
		5253708525B19FBC392CB628 /* Preview Assets.xcassets */ = {isa = PBXFileReference; lastKnownFileType = folder.assetcatalog; path = "Preview Assets.xcassets"; sourceTree = "<group>"; };
		52537184B5A282BF53DF43E2 /* jetchatUITests.xctest */ = {isa = PBXFileReference; explicitFileType = wrapper.cfbundle; includeInIndex = 0; path = jetchatUITests.xctest; sourceTree = BUILT_PRODUCTS_DIR; };
		5253752DADDC717B1B6BF159 /* Assets.xcassets */ = {isa = PBXFileReference; lastKnownFileType = folder.assetcatalog; path = Assets.xcassets; sourceTree = "<group>"; };
		5253764B82E8821CD4C20DAD /* jetchatUITests.swift */ = {isa = PBXFileReference; lastKnownFileType = sourcecode.swift; path = jetchatUITests.swift; sourceTree = "<group>"; };
		5253790AA800020E0430C7F4 /* jetchat.app */ = {isa = PBXFileReference; explicitFileType = wrapper.application; includeInIndex = 0; path = jetchat.app; sourceTree = BUILT_PRODUCTS_DIR; };
		5253797C5386E8C6CC4A1A42 /* ContentView.swift */ = {isa = PBXFileReference; lastKnownFileType = sourcecode.swift; path = ContentView.swift; sourceTree = "<group>"; };
		52537A823D915F0EB5786F24 /* jetchatTests.xctest */ = {isa = PBXFileReference; explicitFileType = wrapper.cfbundle; includeInIndex = 0; path = jetchatTests.xctest; sourceTree = BUILT_PRODUCTS_DIR; };
		52537E6826F4A3C7D5DF9264 /* jetchatApp.swift */ = {isa = PBXFileReference; lastKnownFileType = sourcecode.swift; path = jetchatApp.swift; sourceTree = "<group>"; };
		52537EB130A03B3116C300E1 /* jetchatTests.swift */ = {isa = PBXFileReference; lastKnownFileType = sourcecode.swift; path = jetchatTests.swift; sourceTree = "<group>"; };
/* End PBXFileReference section */

/* Begin PBXFrameworksBuildPhase section */
		525371576EB9240A01FFAA83 /* Frameworks */ = {
			isa = PBXFrameworksBuildPhase;
			buildActionMask = 2147483647;
			files = (
			);
			runOnlyForDeploymentPostprocessing = 0;
		};
		525371DAA82DE6B0D7E2ADA2 /* Frameworks */ = {
			isa = PBXFrameworksBuildPhase;
			buildActionMask = 2147483647;
			files = (
			);
			runOnlyForDeploymentPostprocessing = 0;
		};
		52537A9A009CE204C8AD4211 /* Frameworks */ = {
			isa = PBXFrameworksBuildPhase;
			buildActionMask = 2147483647;
			files = (
			);
			runOnlyForDeploymentPostprocessing = 0;
		};
/* End PBXFrameworksBuildPhase section */

/* Begin PBXGroup section */
		5253726F0F0F541C9F71FA76 /* Products */ = {
			isa = PBXGroup;
			children = (
				5253790AA800020E0430C7F4 /* jetchat.app */,
				52537A823D915F0EB5786F24 /* jetchatTests.xctest */,
				52537184B5A282BF53DF43E2 /* jetchatUITests.xctest */,
			);
			name = Products;
			sourceTree = "<group>";
		};
		52537376CB1664A8954693A3 /* jetchatTests */ = {
			isa = PBXGroup;
			children = (
				52537EB130A03B3116C300E1 /* jetchatTests.swift */,
			);
			path = jetchatTests;
			sourceTree = "<group>";
		};
		525378277B05547327E17C9C /* jetchatUITests */ = {
			isa = PBXGroup;
			children = (
				5253764B82E8821CD4C20DAD /* jetchatUITests.swift */,
				52537037B40EBEBE7DDC0604 /* jetchatUITestsLaunchTests.swift */,
			);
			path = jetchatUITests;
			sourceTree = "<group>";
		};
		52537DA364BA29E652236169 /* jetchat */ = {
			isa = PBXGroup;
			children = (
				5253752DADDC717B1B6BF159 /* Assets.xcassets */,
				52537DE1F833EA2590AD0461 /* Preview Content */,
				52537E6826F4A3C7D5DF9264 /* jetchatApp.swift */,
				5253797C5386E8C6CC4A1A42 /* ContentView.swift */,
			);
			path = jetchat;
			sourceTree = "<group>";
		};
		52537DE1F833EA2590AD0461 /* Preview Content */ = {
			isa = PBXGroup;
			children = (
				5253708525B19FBC392CB628 /* Preview Assets.xcassets */,
			);
			path = "Preview Content";
			sourceTree = "<group>";
		};
		52537FE916E6FEFD2F02EA01 = {
			isa = PBXGroup;
			children = (
				5253726F0F0F541C9F71FA76 /* Products */,
				52537DA364BA29E652236169 /* jetchat */,
				52537376CB1664A8954693A3 /* jetchatTests */,
				525378277B05547327E17C9C /* jetchatUITests */,
			);
			sourceTree = "<group>";
		};
/* End PBXGroup section */

/* Begin PBXNativeTarget section */
		525376E12AFB7F1539F2C7F4 /* jetchat */ = {
			isa = PBXNativeTarget;
			buildConfigurationList = 525378C1D75239FDCAA1EEB5 /* Build configuration list for PBXNativeTarget "jetchat" */;
			buildPhases = (
				5253785F8341EFA140E247BD /* Sources */,
				52537A9A009CE204C8AD4211 /* Frameworks */,
				525375AB0AFA8D1E1D4207A8 /* Resources */,
			);
			buildRules = (
			);
			dependencies = (
			);
			name = jetchat;
			productName = jetchat;
			productReference = 5253790AA800020E0430C7F4 /* jetchat.app */;
			productType = "com.apple.product-type.application";
		};
		525378864DDE3CCEE3B17823 /* jetchatUITests */ = {
			isa = PBXNativeTarget;
			buildConfigurationList = 52537B74E01ABE1E3049B2F7 /* Build configuration list for PBXNativeTarget "jetchatUITests" */;
			buildPhases = (
				52537FF788F22B9F7E1D04C6 /* Sources */,
				525371DAA82DE6B0D7E2ADA2 /* Frameworks */,
				52537BC6CD4C24BBFA71F5DD /* Resources */,
			);
			buildRules = (
			);
			dependencies = (
				5253757F0C887DAE7FD8CC4B /* PBXTargetDependency */,
			);
			name = jetchatUITests;
			productName = jetchatUITests;
			productReference = 52537184B5A282BF53DF43E2 /* jetchatUITests.xctest */;
			productType = "com.apple.product-type.bundle.ui-testing";
		};
		52537C25883A7C989D59B643 /* jetchatTests */ = {
			isa = PBXNativeTarget;
			buildConfigurationList = 5253796BED0069A7BF6AD6A0 /* Build configuration list for PBXNativeTarget "jetchatTests" */;
			buildPhases = (
				52537EB183A05271E0AE4660 /* Sources */,
				525371576EB9240A01FFAA83 /* Frameworks */,
				525372B05E20961DBE6B705E /* Resources */,
			);
			buildRules = (
			);
			dependencies = (
				52537C28C9096978734E7447 /* PBXTargetDependency */,
			);
			name = jetchatTests;
			productName = jetchatTests;
			productReference = 52537A823D915F0EB5786F24 /* jetchatTests.xctest */;
			productType = "com.apple.product-type.bundle.unit-test";
		};
/* End PBXNativeTarget section */

/* Begin PBXProject section */
		525376DA648F3B39E6E64BE2 /* Project object */ = {
			isa = PBXProject;
			buildConfigurationList = 5253735B2AB303EA5DB4CDA6 /* Build configuration list for PBXProject "jetchat" */;
			compatibilityVersion = "Xcode 3.2";
			developmentRegion = English;
			hasScannedForEncodings = 0;
			knownRegions = (
				en,
			);
			mainGroup = 52537FE916E6FEFD2F02EA01;
			productRefGroup = 5253726F0F0F541C9F71FA76 /* Products */;
			projectDirPath = "";
			projectRoot = "";
			targets = (
				525376E12AFB7F1539F2C7F4 /* jetchat */,
				52537C25883A7C989D59B643 /* jetchatTests */,
				525378864DDE3CCEE3B17823 /* jetchatUITests */,
			);
		};
/* End PBXProject section */

/* Begin PBXResourcesBuildPhase section */
		525372B05E20961DBE6B705E /* Resources */ = {
			isa = PBXResourcesBuildPhase;
			buildActionMask = 2147483647;
			files = (
			);
			runOnlyForDeploymentPostprocessing = 0;
		};
		525375AB0AFA8D1E1D4207A8 /* Resources */ = {
			isa = PBXResourcesBuildPhase;
			buildActionMask = 2147483647;
			files = (
				525376B3EE318A262D834658 /* Assets.xcassets in Resources */,
				52537E2B5DF6EBFFFF546A4D /* Preview Assets.xcassets in Resources */,
			);
			runOnlyForDeploymentPostprocessing = 0;
		};
		52537BC6CD4C24BBFA71F5DD /* Resources */ = {
			isa = PBXResourcesBuildPhase;
			buildActionMask = 2147483647;
			files = (
			);
			runOnlyForDeploymentPostprocessing = 0;
		};
/* End PBXResourcesBuildPhase section */

/* Begin PBXSourcesBuildPhase section */
		5253785F8341EFA140E247BD /* Sources */ = {
			isa = PBXSourcesBuildPhase;
			buildActionMask = 2147483647;
			files = (
				525374C91A885B177AEE6233 /* jetchatApp.swift in Sources */,
				52537FAA8060053C45423658 /* ContentView.swift in Sources */,
			);
			runOnlyForDeploymentPostprocessing = 0;
		};
		52537EB183A05271E0AE4660 /* Sources */ = {
			isa = PBXSourcesBuildPhase;
			buildActionMask = 2147483647;
			files = (
				52537A05BBF5F47B0223561A /* jetchatTests.swift in Sources */,
			);
			runOnlyForDeploymentPostprocessing = 0;
		};
		52537FF788F22B9F7E1D04C6 /* Sources */ = {
			isa = PBXSourcesBuildPhase;
			buildActionMask = 2147483647;
			files = (
				525371D2A963FADB185E8EE3 /* jetchatUITests.swift in Sources */,
				525375464C7C3B862D54741E /* jetchatUITestsLaunchTests.swift in Sources */,
			);
			runOnlyForDeploymentPostprocessing = 0;
		};
/* End PBXSourcesBuildPhase section */

/* Begin PBXTargetDependency section */
		5253757F0C887DAE7FD8CC4B /* PBXTargetDependency */ = {
			isa = PBXTargetDependency;
			target = 525376E12AFB7F1539F2C7F4 /* jetchat */;
			targetProxy = 52537CEED569FD0A83722DF9 /* PBXContainerItemProxy */;
		};
		52537C28C9096978734E7447 /* PBXTargetDependency */ = {
			isa = PBXTargetDependency;
			target = 525376E12AFB7F1539F2C7F4 /* jetchat */;
			targetProxy = 52537FE173278057E57215C1 /* PBXContainerItemProxy */;
		};
/* End PBXTargetDependency section */

/* Begin XCBuildConfiguration section */
		525372B308E2F7A76B1C7F09 /* Release */ = {
			isa = XCBuildConfiguration;
			buildSettings = {
				BUNDLE_LOADER = "$(BUILT_PRODUCTS_DIR)/jetchat.app/jetchat";
				CURRENT_PROJECT_VERSION = 1;
				GENERATE_INFOPLIST_FILE = YES;
				MARKETING_VERSION = 1.0;
				PRODUCT_BUNDLE_IDENTIFIER = co.kr.hwanhee.jetchatTests;
				PRODUCT_NAME = "$(TARGET_NAME)";
				SWIFT_EMIT_LOC_STRINGS = NO;
				SWIFT_VERSION = 5.0;
				TARGETED_DEVICE_FAMILY = "1,2";
				TEST_HOST = "$(BUNDLE_LOADER)";
			};
			name = Release;
		};
		525374CED86CF1F32A731B72 /* Debug */ = {
			isa = XCBuildConfiguration;
			buildSettings = {
				CURRENT_PROJECT_VERSION = 1;
				GENERATE_INFOPLIST_FILE = YES;
				MARKETING_VERSION = 1.0;
				PRODUCT_BUNDLE_IDENTIFIER = co.kr.hwanhee.jetchatUITests;
				PRODUCT_NAME = "$(TARGET_NAME)";
				SWIFT_EMIT_LOC_STRINGS = NO;
				SWIFT_VERSION = 5.0;
				TARGETED_DEVICE_FAMILY = "1,2";
				TEST_TARGET_NAME = jetchat;
			};
			name = Debug;
		};
		52537693847DD315D9C0B71E /* Debug */ = {
			isa = XCBuildConfiguration;
			buildSettings = {
				ASSETCATALOG_COMPILER_APPICON_NAME = AppIcon;
				ASSETCATALOG_COMPILER_GLOBAL_ACCENT_COLOR_NAME = AccentColor;
				CURRENT_PROJECT_VERSION = 1;
				DEVELOPMENT_ASSET_PATHS = "\"jetchat/Preview Content\"";
				ENABLE_PREVIEWS = YES;
				GENERATE_INFOPLIST_FILE = YES;
				INFOPLIST_KEY_UIApplicationSceneManifest_Generation = YES;
				INFOPLIST_KEY_UIApplicationSupportsIndirectInputEvents = YES;
				INFOPLIST_KEY_UILaunchScreen_Generation = YES;
				INFOPLIST_KEY_UISupportedInterfaceOrientations_iPad = "UIInterfaceOrientationPortrait UIInterfaceOrientationPortraitUpsideDown UIInterfaceOrientationLandscapeLeft UIInterfaceOrientationLandscapeRight";
				INFOPLIST_KEY_UISupportedInterfaceOrientations_iPhone = "UIInterfaceOrientationPortrait UIInterfaceOrientationLandscapeLeft UIInterfaceOrientationLandscapeRight";
				LD_RUNPATH_SEARCH_PATHS = "$(inherited) @executable_path/Frameworks";
				MARKETING_VERSION = 1.0;
				PRODUCT_BUNDLE_IDENTIFIER = co.kr.hwanhee.jetchat;
				PRODUCT_NAME = "$(TARGET_NAME)";
				SWIFT_EMIT_LOC_STRINGS = YES;
				SWIFT_VERSION = 5.0;
				TARGETED_DEVICE_FAMILY = "1,2";
			};
			name = Debug;
		};
		525376BC3A421360969AFC67 /* Release */ = {
			isa = XCBuildConfiguration;
			buildSettings = {
				CURRENT_PROJECT_VERSION = 1;
				GENERATE_INFOPLIST_FILE = YES;
				MARKETING_VERSION = 1.0;
				PRODUCT_BUNDLE_IDENTIFIER = co.kr.hwanhee.jetchatUITests;
				PRODUCT_NAME = "$(TARGET_NAME)";
				SWIFT_EMIT_LOC_STRINGS = NO;
				SWIFT_VERSION = 5.0;
				TARGETED_DEVICE_FAMILY = "1,2";
				TEST_TARGET_NAME = jetchat;
			};
			name = Release;
		};
		5253797ED021CEF243B9AD8A /* Release */ = {
			isa = XCBuildConfiguration;
			buildSettings = {
				ALWAYS_SEARCH_USER_PATHS = NO;
				CLANG_ANALYZER_NONNULL = YES;
				CLANG_ANALYZER_NUMBER_OBJECT_CONVERSION = YES_AGGRESSIVE;
				CLANG_CXX_LANGUAGE_STANDARD = "gnu++17";
				CLANG_CXX_LIBRARY = "libc++";
				CLANG_ENABLE_MODULES = YES;
				CLANG_ENABLE_OBJC_ARC = YES;
				CLANG_ENABLE_OBJC_WEAK = YES;
				CLANG_WARN_BLOCK_CAPTURE_AUTORELEASING = YES;
				CLANG_WARN_BOOL_CONVERSION = YES;
				CLANG_WARN_COMMA = YES;
				CLANG_WARN_CONSTANT_CONVERSION = YES;
				CLANG_WARN_DEPRECATED_OBJC_IMPLEMENTATIONS = YES;
				CLANG_WARN_DIRECT_OBJC_ISA_USAGE = YES_ERROR;
				CLANG_WARN_DOCUMENTATION_COMMENTS = YES;
				CLANG_WARN_EMPTY_BODY = YES;
				CLANG_WARN_ENUM_CONVERSION = YES;
				CLANG_WARN_INFINITE_RECURSION = YES;
				CLANG_WARN_INT_CONVERSION = YES;
				CLANG_WARN_NON_LITERAL_NULL_CONVERSION = YES;
				CLANG_WARN_OBJC_IMPLICIT_RETAIN_SELF = YES;
				CLANG_WARN_OBJC_LITERAL_CONVERSION = YES;
				CLANG_WARN_OBJC_ROOT_CLASS = YES_ERROR;
				CLANG_WARN_QUOTED_INCLUDE_IN_FRAMEWORK_HEADER = YES;
				CLANG_WARN_RANGE_LOOP_ANALYSIS = YES;
				CLANG_WARN_STRICT_PROTOTYPES = YES;
				CLANG_WARN_SUSPICIOUS_MOVE = YES;
				CLANG_WARN_UNGUARDED_AVAILABILITY = YES_AGGRESSIVE;
				CLANG_WARN_UNREACHABLE_CODE = YES;
				CLANG_WARN__DUPLICATE_METHOD_MATCH = YES;
				COPY_PHASE_STRIP = NO;
				DEBUG_INFORMATION_FORMAT = "dwarf-with-dsym";
				ENABLE_NS_ASSERTIONS = NO;
				ENABLE_STRICT_OBJC_MSGSEND = YES;
				GCC_C_LANGUAGE_STANDARD = gnu11;
				GCC_NO_COMMON_BLOCKS = YES;
				GCC_WARN_64_TO_32_BIT_CONVERSION = YES;
				GCC_WARN_ABOUT_RETURN_TYPE = YES_ERROR;
				GCC_WARN_UNDECLARED_SELECTOR = YES;
				GCC_WARN_UNINITIALIZED_AUTOS = YES_AGGRESSIVE;
				GCC_WARN_UNUSED_FUNCTION = YES;
				GCC_WARN_UNUSED_VARIABLE = YES;
				IPHONEOS_DEPLOYMENT_TARGET = 15.2;
				MTL_ENABLE_DEBUG_INFO = NO;
				MTL_FAST_MATH = YES;
				SDKROOT = iphoneos;
				SWIFT_COMPILATION_MODE = wholemodule;
				SWIFT_OPTIMIZATION_LEVEL = "-O";
				VALIDATE_PRODUCT = YES;
			};
			name = Release;
		};
		52537988656EBE70F713AF1F /* Debug */ = {
			isa = XCBuildConfiguration;
			buildSettings = {
				BUNDLE_LOADER = "$(BUILT_PRODUCTS_DIR)/jetchat.app/jetchat";
				CURRENT_PROJECT_VERSION = 1;
				GENERATE_INFOPLIST_FILE = YES;
				MARKETING_VERSION = 1.0;
				PRODUCT_BUNDLE_IDENTIFIER = co.kr.hwanhee.jetchatTests;
				PRODUCT_NAME = "$(TARGET_NAME)";
				SWIFT_EMIT_LOC_STRINGS = NO;
				SWIFT_VERSION = 5.0;
				TARGETED_DEVICE_FAMILY = "1,2";
				TEST_HOST = "$(BUNDLE_LOADER)";
			};
			name = Debug;
		};
		52537E8B682781DCE364E675 /* Release */ = {
			isa = XCBuildConfiguration;
			buildSettings = {
				ASSETCATALOG_COMPILER_APPICON_NAME = AppIcon;
				ASSETCATALOG_COMPILER_GLOBAL_ACCENT_COLOR_NAME = AccentColor;
				CURRENT_PROJECT_VERSION = 1;
				DEVELOPMENT_ASSET_PATHS = "\"jetchat/Preview Content\"";
				ENABLE_PREVIEWS = YES;
				GENERATE_INFOPLIST_FILE = YES;
				INFOPLIST_KEY_UIApplicationSceneManifest_Generation = YES;
				INFOPLIST_KEY_UIApplicationSupportsIndirectInputEvents = YES;
				INFOPLIST_KEY_UILaunchScreen_Generation = YES;
				INFOPLIST_KEY_UISupportedInterfaceOrientations_iPad = "UIInterfaceOrientationPortrait UIInterfaceOrientationPortraitUpsideDown UIInterfaceOrientationLandscapeLeft UIInterfaceOrientationLandscapeRight";
				INFOPLIST_KEY_UISupportedInterfaceOrientations_iPhone = "UIInterfaceOrientationPortrait UIInterfaceOrientationLandscapeLeft UIInterfaceOrientationLandscapeRight";
				LD_RUNPATH_SEARCH_PATHS = "$(inherited) @executable_path/Frameworks";
				MARKETING_VERSION = 1.0;
				PRODUCT_BUNDLE_IDENTIFIER = co.kr.hwanhee.jetchat;
				PRODUCT_NAME = "$(TARGET_NAME)";
				SWIFT_EMIT_LOC_STRINGS = YES;
				SWIFT_VERSION = 5.0;
				TARGETED_DEVICE_FAMILY = "1,2";
			};
			name = Release;
		};
		52537FAB45A1D90D88AE2958 /* Debug */ = {
			isa = XCBuildConfiguration;
			buildSettings = {
				ALWAYS_SEARCH_USER_PATHS = NO;
				CLANG_ANALYZER_NONNULL = YES;
				CLANG_ANALYZER_NUMBER_OBJECT_CONVERSION = YES_AGGRESSIVE;
				CLANG_CXX_LANGUAGE_STANDARD = "gnu++17";
				CLANG_CXX_LIBRARY = "libc++";
				CLANG_ENABLE_MODULES = YES;
				CLANG_ENABLE_OBJC_ARC = YES;
				CLANG_ENABLE_OBJC_WEAK = YES;
				CLANG_WARN_BLOCK_CAPTURE_AUTORELEASING = YES;
				CLANG_WARN_BOOL_CONVERSION = YES;
				CLANG_WARN_COMMA = YES;
				CLANG_WARN_CONSTANT_CONVERSION = YES;
				CLANG_WARN_DEPRECATED_OBJC_IMPLEMENTATIONS = YES;
				CLANG_WARN_DIRECT_OBJC_ISA_USAGE = YES_ERROR;
				CLANG_WARN_DOCUMENTATION_COMMENTS = YES;
				CLANG_WARN_EMPTY_BODY = YES;
				CLANG_WARN_ENUM_CONVERSION = YES;
				CLANG_WARN_INFINITE_RECURSION = YES;
				CLANG_WARN_INT_CONVERSION = YES;
				CLANG_WARN_NON_LITERAL_NULL_CONVERSION = YES;
				CLANG_WARN_OBJC_IMPLICIT_RETAIN_SELF = YES;
				CLANG_WARN_OBJC_LITERAL_CONVERSION = YES;
				CLANG_WARN_OBJC_ROOT_CLASS = YES_ERROR;
				CLANG_WARN_QUOTED_INCLUDE_IN_FRAMEWORK_HEADER = YES;
				CLANG_WARN_RANGE_LOOP_ANALYSIS = YES;
				CLANG_WARN_STRICT_PROTOTYPES = YES;
				CLANG_WARN_SUSPICIOUS_MOVE = YES;
				CLANG_WARN_UNGUARDED_AVAILABILITY = YES_AGGRESSIVE;
				CLANG_WARN_UNREACHABLE_CODE = YES;
				CLANG_WARN__DUPLICATE_METHOD_MATCH = YES;
				COPY_PHASE_STRIP = NO;
				DEBUG_INFORMATION_FORMAT = dwarf;
				ENABLE_STRICT_OBJC_MSGSEND = YES;
				ENABLE_TESTABILITY = YES;
				GCC_C_LANGUAGE_STANDARD = gnu11;
				GCC_DYNAMIC_NO_PIC = NO;
				GCC_NO_COMMON_BLOCKS = YES;
				GCC_OPTIMIZATION_LEVEL = 0;
				GCC_PREPROCESSOR_DEFINITIONS = (
					"DEBUG=1",
					"$(inherited)",
				);
				GCC_WARN_64_TO_32_BIT_CONVERSION = YES;
				GCC_WARN_ABOUT_RETURN_TYPE = YES_ERROR;
				GCC_WARN_UNDECLARED_SELECTOR = YES;
				GCC_WARN_UNINITIALIZED_AUTOS = YES_AGGRESSIVE;
				GCC_WARN_UNUSED_FUNCTION = YES;
				GCC_WARN_UNUSED_VARIABLE = YES;
				IPHONEOS_DEPLOYMENT_TARGET = 15.2;
				MTL_ENABLE_DEBUG_INFO = INCLUDE_SOURCE;
				MTL_FAST_MATH = YES;
				ONLY_ACTIVE_ARCH = YES;
				SDKROOT = iphoneos;
				SWIFT_ACTIVE_COMPILATION_CONDITIONS = DEBUG;
				SWIFT_OPTIMIZATION_LEVEL = "-Onone";
			};
			name = Debug;
		};
/* End XCBuildConfiguration section */

/* Begin XCConfigurationList section */
		5253735B2AB303EA5DB4CDA6 /* Build configuration list for PBXProject "jetchat" */ = {
			isa = XCConfigurationList;
			buildConfigurations = (
				52537FAB45A1D90D88AE2958 /* Debug */,
				5253797ED021CEF243B9AD8A /* Release */,
			);
			defaultConfigurationIsVisible = 0;
			defaultConfigurationName = Release;
		};
		525378C1D75239FDCAA1EEB5 /* Build configuration list for PBXNativeTarget "jetchat" */ = {
			isa = XCConfigurationList;
			buildConfigurations = (
				52537693847DD315D9C0B71E /* Debug */,
				52537E8B682781DCE364E675 /* Release */,
			);
			defaultConfigurationIsVisible = 0;
		};
		5253796BED0069A7BF6AD6A0 /* Build configuration list for PBXNativeTarget "jetchatTests" */ = {
			isa = XCConfigurationList;
			buildConfigurations = (
				52537988656EBE70F713AF1F /* Debug */,
				525372B308E2F7A76B1C7F09 /* Release */,
			);
			defaultConfigurationIsVisible = 0;
		};
		52537B74E01ABE1E3049B2F7 /* Build configuration list for PBXNativeTarget "jetchatUITests" */ = {
			isa = XCConfigurationList;
			buildConfigurations = (
				525374CED86CF1F32A731B72 /* Debug */,
				525376BC3A421360969AFC67 /* Release */,
			);
			defaultConfigurationIsVisible = 0;
		};
/* End XCConfigurationList section */
	};
	rootObject = 525376DA648F3B39E6E64BE2 /* Project object */;
}
